{
  "version": 4,
  "terraform_version": "1.9.4",
  "serial": 1,
  "lineage": "10d679e7-d21e-5686-26ad-905e8ac794f0",
  "outputs": {},
  "resources": [
    {
      "mode": "managed",
      "type": "aws_s3_bucket",
      "name": "main",
      "provider": "provider[\"registry.terraform.io/hashicorp/aws\"]",
      "instances": [
        {
          "schema_version": 0,
          "attributes": {
            "acceleration_status": "",
            "acl": null,
            "arn": "arn:aws:s3:::palak-mishera",
            "bucket": "palak-mishera",
            "bucket_domain_name": "palak-mishera.s3.amazonaws.com",
            "bucket_prefix": "",
            "bucket_regional_domain_name": "palak-mishera.s3.ap-south-1.amazonaws.com",
            "cors_rule": [],
            "force_destroy": null,
            "grant": [
              {
                "id": "34f8fe3eba050fe32530337f10980b19cc09f8d55f921d1085c8ff27ea21e632",
                "permissions": [
                  "FULL_CONTROL"
                ],
                "type": "CanonicalUser",
                "uri": ""
              }
            ],
            "hosted_zone_id": "Z11RGJOFQNVJUP",
            "id": "palak-mishera",
            "lifecycle_rule": [],
            "logging": [],
            "object_lock_configuration": [],
            "object_lock_enabled": false,
            "policy": "",
            "region": "ap-south-1",
            "replication_configuration": [
              {
                "role": "arn:aws:iam::275905775020:role/service-role/s3crr_role_for_palak-mishera_2",
                "rules": [
                  {
                    "delete_marker_replication_status": "",
                    "destination": [
                      {
                        "access_control_translation": [],
                        "account_id": "",
                        "bucket": "arn:aws:s3:::dipesh-target-bucket",
                        "metrics": [],
                        "replica_kms_key_id": "",
                        "replication_time": [],
                        "storage_class": ""
                      }
                    ],
                    "filter": [],
                    "id": "DemoReplication",
                    "prefix": "",
                    "priority": 0,
                    "source_selection_criteria": [],
                    "status": "Enabled"
                  }
                ]
              }
            ],
            "request_payer": "BucketOwner",
            "server_side_encryption_configuration": [
              {
                "rule": [
                  {
                    "apply_server_side_encryption_by_default": [
                      {
                        "kms_master_key_id": "",
                        "sse_algorithm": "AES256"
                      }
                    ],
                    "bucket_key_enabled": true
                  }
                ]
              }
            ],
            "tags": {},
            "tags_all": {},
            "timeouts": null,
            "versioning": [
              {
                "enabled": true,
                "mfa_delete": false
              }
            ],
            "website": [],
            "website_domain": null,
            "website_endpoint": null
          },
          "sensitive_attributes": [],
          "private": "eyJlMmJmYjczMC1lY2FhLTExZTYtOGY4OC0zNDM2M2JjN2M0YzAiOnsiY3JlYXRlIjoxMjAwMDAwMDAwMDAwLCJkZWxldGUiOjM2MDAwMDAwMDAwMDAsInJlYWQiOjEyMDAwMDAwMDAwMDAsInVwZGF0ZSI6MTIwMDAwMDAwMDAwMH0sInNjaGVtYV92ZXJzaW9uIjoiMCJ9"
        }
      ]
    }
  ],
  "check_results": null
}
